
Microsoft Visual Studio Solution File, Format Version 12.00
# Visual Studio Version 17
VisualStudioVersion = 17.5.33627.172
MinimumVisualStudioVersion = 10.0.40219.1
Project("{2150E333-8FDC-42A3-9474-1A3956D46DE8}") = "Console", "Console", "{A53AE35E-82E8-4D58-88F4-AFEE3146D82F}"
EndProject
Project("{2150E333-8FDC-42A3-9474-1A3956D46DE8}") = "Core", "Core", "{93D6CB1C-5519-44FD-BD40-98DC0F017208}"
EndProject
Project("{9A19103F-16F7-4668-BE54-9A1E7A4F7556}") = "Batteships.Core.Tests", "Core\Batteships.Core.Tests\Batteships.Core.Tests.csproj", "{676E9DA4-C1D2-4C80-A96C-8FE532F34B19}"
EndProject
Project("{9A19103F-16F7-4668-BE54-9A1E7A4F7556}") = "Battleships.Core", "Core\Battleships.Core\Battleships.Core.csproj", "{627FEE43-8CE2-4F09-9B3C-68EB2B216250}"
EndProject
Project("{9A19103F-16F7-4668-BE54-9A1E7A4F7556}") = "Battleships.ConsoleUI", "Console\Battleships.ConsoleUI\Battleships.ConsoleUI.csproj", "{DF8694DE-3702-4D70-8A71-989ADC7A741E}"
EndProject
Project("{9A19103F-16F7-4668-BE54-9A1E7A4F7556}") = "Battleships.ConsoleWrapper", "Console\Battleships.ConsoleWrapper\Battleships.ConsoleWrapper.csproj", "{28F6A1B5-D184-4A1B-8B49-FCB8515A8731}"
EndProject
Project("{9A19103F-16F7-4668-BE54-9A1E7A4F7556}") = "Battleships.ConsoleWrapper.E2ETests", "Console\Battleships.EndToEndTests\Battleships.ConsoleWrapper.E2ETests.csproj", "{5C1FDB2C-1FE4-4257-AE70-101A28D21B42}"
EndProject
Project("{2150E333-8FDC-42A3-9474-1A3956D46DE8}") = "Tests", "Tests", "{274B6C71-A95E-41E0-80A5-D0071FB0B018}"
EndProject
Global
	GlobalSection(SolutionConfigurationPlatforms) = preSolution
		Debug|Any CPU = Debug|Any CPU
		Release|Any CPU = Release|Any CPU
	EndGlobalSection
	GlobalSection(ProjectConfigurationPlatforms) = postSolution
		{676E9DA4-C1D2-4C80-A96C-8FE532F34B19}.Debug|Any CPU.ActiveCfg = Debug|Any CPU
		{676E9DA4-C1D2-4C80-A96C-8FE532F34B19}.Debug|Any CPU.Build.0 = Debug|Any CPU
		{676E9DA4-C1D2-4C80-A96C-8FE532F34B19}.Release|Any CPU.ActiveCfg = Release|Any CPU
		{676E9DA4-C1D2-4C80-A96C-8FE532F34B19}.Release|Any CPU.Build.0 = Release|Any CPU
		{627FEE43-8CE2-4F09-9B3C-68EB2B216250}.Debug|Any CPU.ActiveCfg = Debug|Any CPU
		{627FEE43-8CE2-4F09-9B3C-68EB2B216250}.Debug|Any CPU.Build.0 = Debug|Any CPU
		{627FEE43-8CE2-4F09-9B3C-68EB2B216250}.Release|Any CPU.ActiveCfg = Release|Any CPU
		{627FEE43-8CE2-4F09-9B3C-68EB2B216250}.Release|Any CPU.Build.0 = Release|Any CPU
		{DF8694DE-3702-4D70-8A71-989ADC7A741E}.Debug|Any CPU.ActiveCfg = Debug|Any CPU
		{DF8694DE-3702-4D70-8A71-989ADC7A741E}.Debug|Any CPU.Build.0 = Debug|Any CPU
		{DF8694DE-3702-4D70-8A71-989ADC7A741E}.Release|Any CPU.ActiveCfg = Release|Any CPU
		{DF8694DE-3702-4D70-8A71-989ADC7A741E}.Release|Any CPU.Build.0 = Release|Any CPU
		{28F6A1B5-D184-4A1B-8B49-FCB8515A8731}.Debug|Any CPU.ActiveCfg = Debug|Any CPU
		{28F6A1B5-D184-4A1B-8B49-FCB8515A8731}.Debug|Any CPU.Build.0 = Debug|Any CPU
		{28F6A1B5-D184-4A1B-8B49-FCB8515A8731}.Release|Any CPU.ActiveCfg = Release|Any CPU
		{28F6A1B5-D184-4A1B-8B49-FCB8515A8731}.Release|Any CPU.Build.0 = Release|Any CPU
		{5C1FDB2C-1FE4-4257-AE70-101A28D21B42}.Debug|Any CPU.ActiveCfg = Debug|Any CPU
		{5C1FDB2C-1FE4-4257-AE70-101A28D21B42}.Debug|Any CPU.Build.0 = Debug|Any CPU
		{5C1FDB2C-1FE4-4257-AE70-101A28D21B42}.Release|Any CPU.ActiveCfg = Release|Any CPU
		{5C1FDB2C-1FE4-4257-AE70-101A28D21B42}.Release|Any CPU.Build.0 = Release|Any CPU
	EndGlobalSection
	GlobalSection(SolutionProperties) = preSolution
		HideSolutionNode = FALSE
	EndGlobalSection
	GlobalSection(NestedProjects) = preSolution
		{676E9DA4-C1D2-4C80-A96C-8FE532F34B19} = {93D6CB1C-5519-44FD-BD40-98DC0F017208}
		{627FEE43-8CE2-4F09-9B3C-68EB2B216250} = {93D6CB1C-5519-44FD-BD40-98DC0F017208}
		{DF8694DE-3702-4D70-8A71-989ADC7A741E} = {A53AE35E-82E8-4D58-88F4-AFEE3146D82F}
		{28F6A1B5-D184-4A1B-8B49-FCB8515A8731} = {A53AE35E-82E8-4D58-88F4-AFEE3146D82F}
		{5C1FDB2C-1FE4-4257-AE70-101A28D21B42} = {274B6C71-A95E-41E0-80A5-D0071FB0B018}
		{274B6C71-A95E-41E0-80A5-D0071FB0B018} = {A53AE35E-82E8-4D58-88F4-AFEE3146D82F}
	EndGlobalSection
	GlobalSection(ExtensibilityGlobals) = postSolution
		SolutionGuid = {B4C9E891-B627-4418-960C-1A953D06E6F1}
	EndGlobalSection
EndGlobal
